
Microsoft Visual Studio Solution File, Format Version 12.00
# Visual Studio Version 17
VisualStudioVersion = 17.1.32228.430
MinimumVisualStudioVersion = 10.0.40219.1
Project("{FAE04EC0-301F-11D3-BF4B-00C04F79EFBC}") = "Entidades", "adasdas\Entidades.csproj", "{1555B31D-2957-4E69-8B4A-3B8CB5BF7889}"
EndProject
Project("{FAE04EC0-301F-11D3-BF4B-00C04F79EFBC}") = "Vista", "Vista\Vista.csproj", "{DC745A1F-8E0E-4B8B-B86A-56B6AFB37731}"
EndProject
Global
	GlobalSection(SolutionConfigurationPlatforms) = preSolution
		Debug|Any CPU = Debug|Any CPU
		Release|Any CPU = Release|Any CPU
	EndGlobalSection
	GlobalSection(ProjectConfigurationPlatforms) = postSolution
		{1555B31D-2957-4E69-8B4A-3B8CB5BF7889}.Debug|Any CPU.ActiveCfg = Debug|Any CPU
		{1555B31D-2957-4E69-8B4A-3B8CB5BF7889}.Debug|Any CPU.Build.0 = Debug|Any CPU
		{1555B31D-2957-4E69-8B4A-3B8CB5BF7889}.Release|Any CPU.ActiveCfg = Release|Any CPU
		{1555B31D-2957-4E69-8B4A-3B8CB5BF7889}.Release|Any CPU.Build.0 = Release|Any CPU
		{DC745A1F-8E0E-4B8B-B86A-56B6AFB37731}.Debug|Any CPU.ActiveCfg = Debug|Any CPU
		{DC745A1F-8E0E-4B8B-B86A-56B6AFB37731}.Debug|Any CPU.Build.0 = Debug|Any CPU
		{DC745A1F-8E0E-4B8B-B86A-56B6AFB37731}.Release|Any CPU.ActiveCfg = Release|Any CPU
		{DC745A1F-8E0E-4B8B-B86A-56B6AFB37731}.Release|Any CPU.Build.0 = Release|Any CPU
	EndGlobalSection
	GlobalSection(SolutionProperties) = preSolution
		HideSolutionNode = FALSE
	EndGlobalSection
	GlobalSection(ExtensibilityGlobals) = postSolution
		SolutionGuid = {BB71BA4B-8743-4840-A466-A5EF2A9AAD5A}
	EndGlobalSection
EndGlobal
