
Microsoft Visual Studio Solution File, Format Version 12.00
# Visual Studio Version 17
VisualStudioVersion = 17.1.32228.430
MinimumVisualStudioVersion = 10.0.40219.1
Project("{FAE04EC0-301F-11D3-BF4B-00C04F79EFBC}") = "Entidades", "TP[1]\Entidades.csproj", "{EDC67C1F-2971-4C98-BDD0-926F7458074C}"
EndProject
Project("{FAE04EC0-301F-11D3-BF4B-00C04F79EFBC}") = "MiCalculadora", "MiCalculadora\MiCalculadora.csproj", "{F40892A3-3C46-4478-8698-1A0AFCA9048B}"
EndProject
Global
	GlobalSection(SolutionConfigurationPlatforms) = preSolution
		Debug|Any CPU = Debug|Any CPU
		Release|Any CPU = Release|Any CPU
	EndGlobalSection
	GlobalSection(ProjectConfigurationPlatforms) = postSolution
		{EDC67C1F-2971-4C98-BDD0-926F7458074C}.Debug|Any CPU.ActiveCfg = Debug|Any CPU
		{EDC67C1F-2971-4C98-BDD0-926F7458074C}.Debug|Any CPU.Build.0 = Debug|Any CPU
		{EDC67C1F-2971-4C98-BDD0-926F7458074C}.Release|Any CPU.ActiveCfg = Release|Any CPU
		{EDC67C1F-2971-4C98-BDD0-926F7458074C}.Release|Any CPU.Build.0 = Release|Any CPU
		{F40892A3-3C46-4478-8698-1A0AFCA9048B}.Debug|Any CPU.ActiveCfg = Debug|Any CPU
		{F40892A3-3C46-4478-8698-1A0AFCA9048B}.Debug|Any CPU.Build.0 = Debug|Any CPU
		{F40892A3-3C46-4478-8698-1A0AFCA9048B}.Release|Any CPU.ActiveCfg = Release|Any CPU
		{F40892A3-3C46-4478-8698-1A0AFCA9048B}.Release|Any CPU.Build.0 = Release|Any CPU
	EndGlobalSection
	GlobalSection(SolutionProperties) = preSolution
		HideSolutionNode = FALSE
	EndGlobalSection
	GlobalSection(ExtensibilityGlobals) = postSolution
		SolutionGuid = {0C6E287C-7E44-4C73-9A44-883C932031D3}
	EndGlobalSection
EndGlobal
